
Microsoft Visual Studio Solution File, Format Version 12.00
# Visual Studio Version 16
VisualStudioVersion = 16.0.30011.22
MinimumVisualStudioVersion = 10.0.40219.1
Project("{FAE04EC0-301F-11D3-BF4B-00C04F79EFBC}") = "SPA_IE", "SPA_IE.csproj", "{DAAAEC15-EA80-4B7C-9B33-3786AE609510}"
EndProject
Global
	GlobalSection(SolutionConfigurationPlatforms) = preSolution
		Debug|Any CPU = Debug|Any CPU
		Release|Any CPU = Release|Any CPU
	EndGlobalSection
	GlobalSection(ProjectConfigurationPlatforms) = postSolution
		{DAAAEC15-EA80-4B7C-9B33-3786AE609510}.Debug|Any CPU.ActiveCfg = Debug|Any CPU
		{DAAAEC15-EA80-4B7C-9B33-3786AE609510}.Debug|Any CPU.Build.0 = Debug|Any CPU
		{DAAAEC15-EA80-4B7C-9B33-3786AE609510}.Release|Any CPU.ActiveCfg = Release|Any CPU
		{DAAAEC15-EA80-4B7C-9B33-3786AE609510}.Release|Any CPU.Build.0 = Release|Any CPU
	EndGlobalSection
	GlobalSection(SolutionProperties) = preSolution
		HideSolutionNode = FALSE
	EndGlobalSection
	GlobalSection(ExtensibilityGlobals) = postSolution
		SolutionGuid = {BA939FD9-1BDE-4A26-8778-7B18315DEA93}
	EndGlobalSection
EndGlobal
